// !$*UTF8*$!
{
	archiveVersion = 1;
	classes = {
	};
	objectVersion = 56;
	objects = {

/* Begin PBXBuildFile section */
		A1234567890ABCDEF0000001 /* ClippiApp.swift in Sources */ = {isa = PBXBuildFile; fileRef = A1234567890ABCDEF0000002 /* ClippiApp.swift */; };
		A1234567890ABCDEF0000014 /* MainView.swift in Sources */ = {isa = PBXBuildFile; fileRef = A1234567890ABCDEF0000015 /* MainView.swift */; };
		A1234567890ABCDEF0000016 /* MainViewModel.swift in Sources */ = {isa = PBXBuildFile; fileRef = A1234567890ABCDEF0000017 /* MainViewModel.swift */; };
		A1234567890ABCDEF0000018 /* ClippiFFI.swift in Sources */ = {isa = PBXBuildFile; fileRef = A1234567890ABCDEF0000019 /* ClippiFFI.swift */; };
		A1234567890ABCDEF0000020 /* Assets.xcassets in Resources */ = {isa = PBXBuildFile; fileRef = A1234567890ABCDEF0000021 /* Assets.xcassets */; };
		A1234567890ABCDEF0000022 /* Localization.swift in Sources */ = {isa = PBXBuildFile; fileRef = A1234567890ABCDEF0000023 /* Localization.swift */; };
		A1234567890ABCDEF0000024 /* Localizable.strings in Resources */ = {isa = PBXBuildFile; fileRef = A1234567890ABCDEF0000025 /* Localizable.strings */; };
/* End PBXBuildFile section */

/* Begin PBXFileReference section */
		A1234567890ABCDEF0000002 /* ClippiApp.swift */ = {isa = PBXFileReference; lastKnownFileType = sourcecode.swift; path = ClippiApp.swift; sourceTree = "<group>"; };
		A1234567890ABCDEF0000005 /* Clippi.app */ = {isa = PBXFileReference; explicitFileType = wrapper.application; includeInIndex = 0; path = Clippi.app; sourceTree = BUILT_PRODUCTS_DIR; };
		A1234567890ABCDEF0000015 /* MainView.swift */ = {isa = PBXFileReference; lastKnownFileType = sourcecode.swift; path = Views/MainView.swift; sourceTree = "<group>"; };
		A1234567890ABCDEF0000017 /* MainViewModel.swift */ = {isa = PBXFileReference; lastKnownFileType = sourcecode.swift; path = ViewModels/MainViewModel.swift; sourceTree = "<group>"; };
		A1234567890ABCDEF0000019 /* ClippiFFI.swift */ = {isa = PBXFileReference; lastKnownFileType = sourcecode.swift; path = FFI/ClippiFFI.swift; sourceTree = "<group>"; };
		A1234567890ABCDEF000001A /* ClippiCore.h */ = {isa = PBXFileReference; lastKnownFileType = sourcecode.c.h; path = ClippiCore.h; sourceTree = "<group>"; };
		A1234567890ABCDEF0000021 /* Assets.xcassets */ = {isa = PBXFileReference; lastKnownFileType = folder.assetcatalog; path = Assets.xcassets; sourceTree = "<group>"; };
		A1234567890ABCDEF0000023 /* Localization.swift */ = {isa = PBXFileReference; lastKnownFileType = sourcecode.swift; path = Localization.swift; sourceTree = "<group>"; };
		A1234567890ABCDEF0000026 /* zh-Hans */ = {isa = PBXFileReference; lastKnownFileType = text.plist.strings; name = "zh-Hans"; path = "zh-Hans.lproj/Localizable.strings"; sourceTree = "<group>"; };
		A1234567890ABCDEF0000027 /* en */ = {isa = PBXFileReference; lastKnownFileType = text.plist.strings; name = en; path = en.lproj/Localizable.strings; sourceTree = "<group>"; };
		A1234567890ABCDEF0000028 /* ja */ = {isa = PBXFileReference; lastKnownFileType = text.plist.strings; name = ja; path = ja.lproj/Localizable.strings; sourceTree = "<group>"; };
/* End PBXFileReference section */

/* Begin PBXFrameworksBuildPhase section */
		A1234567890ABCDEF0000006 /* Frameworks */ = {
			isa = PBXFrameworksBuildPhase;
			buildActionMask = 2147483647;
			files = (
			);
			runOnlyForDeploymentPostprocessing = 0;
		};
/* End PBXFrameworksBuildPhase section */

/* Begin PBXGroup section */
		A1234567890ABCDEF0000007 /* Clippi */ = {
			isa = PBXGroup;
			children = (
				A1234567890ABCDEF0000008 /* Sources */,
				A1234567890ABCDEF0000009 /* Products */,
			);
			sourceTree = "<group>";
		};
		A1234567890ABCDEF0000008 /* Sources */ = {
			isa = PBXGroup;
			children = (
				A1234567890ABCDEF0000002 /* ClippiApp.swift */,
				A1234567890ABCDEF0000015 /* MainView.swift */,
				A1234567890ABCDEF0000017 /* MainViewModel.swift */,
				A1234567890ABCDEF0000023 /* Localization.swift */,
				A1234567890ABCDEF0000019 /* ClippiFFI.swift */,
				A1234567890ABCDEF000001A /* ClippiCore.h */,
				A1234567890ABCDEF0000021 /* Assets.xcassets */,
				A1234567890ABCDEF0000025 /* Localizable.strings */,
			);
			path = Clippi;
			sourceTree = "<group>";
		};
		A1234567890ABCDEF0000009 /* Products */ = {
			isa = PBXGroup;
			children = (
				A1234567890ABCDEF0000005 /* Clippi.app */,
			);
			name = Products;
			sourceTree = "<group>";
		};
/* End PBXGroup section */

/* Begin PBXNativeTarget section */
		A1234567890ABCDEF000000A /* Clippi */ = {
			isa = PBXNativeTarget;
			buildConfigurationList = A1234567890ABCDEF000000B /* Build configuration list for PBXNativeTarget "Clippi" */;
			buildPhases = (
				A1234567890ABCDEF000000C /* Sources */,
				A1234567890ABCDEF0000006 /* Frameworks */,
				A1234567890ABCDEF000000D /* Resources */,
			);
			buildRules = (
			);
			dependencies = (
			);
			name = Clippi;
			productName = Clippi;
			productReference = A1234567890ABCDEF0000005 /* Clippi.app */;
			productType = "com.apple.product-type.application";
		};
/* End PBXNativeTarget section */

/* Begin PBXProject section */
		A1234567890ABCDEF000000E /* Project object */ = {
			isa = PBXProject;
			attributes = {
				BuildIndependentTargetsInParallel = 1;
				LastSwiftUpdateCheck = 1500;
				LastUpgradeCheck = 1500;
			};
			buildConfigurationList = A1234567890ABCDEF000000F /* Build configuration list for PBXProject "Clippi" */;
			compatibilityVersion = "Xcode 14.0";
			developmentRegion = en;
			hasScannedForEncodings = 0;
			knownRegions = (
				en,
				ja,
				"zh-Hans",
				Base,
			);
			mainGroup = A1234567890ABCDEF0000007 /* Clippi */;
			productRefGroup = A1234567890ABCDEF0000009 /* Products */;
			projectDirPath = "";
			projectRoot = "";
			targets = (
				A1234567890ABCDEF000000A /* Clippi */,
			);
		};
/* End PBXProject section */

/* Begin PBXResourcesBuildPhase section */
		A1234567890ABCDEF000000D /* Resources */ = {
			isa = PBXResourcesBuildPhase;
			buildActionMask = 2147483647;
			files = (
				A1234567890ABCDEF0000020 /* Assets.xcassets in Resources */,
				A1234567890ABCDEF0000024 /* Localizable.strings in Resources */,
			);
			runOnlyForDeploymentPostprocessing = 0;
		};
/* End PBXResourcesBuildPhase section */

/* Begin PBXSourcesBuildPhase section */
		A1234567890ABCDEF000000C /* Sources */ = {
			isa = PBXSourcesBuildPhase;
			buildActionMask = 2147483647;
			files = (
				A1234567890ABCDEF0000001 /* ClippiApp.swift in Sources */,
				A1234567890ABCDEF0000014 /* MainView.swift in Sources */,
				A1234567890ABCDEF0000016 /* MainViewModel.swift in Sources */,
				A1234567890ABCDEF0000018 /* ClippiFFI.swift in Sources */,
				A1234567890ABCDEF0000022 /* Localization.swift in Sources */,
			);
			runOnlyForDeploymentPostprocessing = 0;
		};
/* End PBXSourcesBuildPhase section */

/* Begin PBXVariantGroup section */
		A1234567890ABCDEF0000025 /* Localizable.strings */ = {
			isa = PBXVariantGroup;
			children = (
				A1234567890ABCDEF0000026 /* zh-Hans */,
				A1234567890ABCDEF0000027 /* en */,
				A1234567890ABCDEF0000028 /* ja */,
			);
			name = Localizable.strings;
			sourceTree = "<group>";
		};
/* End PBXVariantGroup section */

/* Begin XCBuildConfiguration section */
		A1234567890ABCDEF0000010 /* Debug */ = {
			isa = XCBuildConfiguration;
			buildSettings = {
				ALWAYS_SEARCH_USER_PATHS = NO;
				CLANG_ANALYZER_NONNULL = YES;
				CLANG_CXX_LANGUAGE_STANDARD = "gnu++20";
				CLANG_ENABLE_MODULES = YES;
				CLANG_ENABLE_OBJC_ARC = YES;
				COPY_PHASE_STRIP = NO;
				DEBUG_INFORMATION_FORMAT = dwarf;
				ENABLE_STRICT_OBJC_MSGSEND = YES;
				ENABLE_TESTABILITY = YES;
				GCC_DYNAMIC_NO_PIC = NO;
				GCC_OPTIMIZATION_LEVEL = 0;
				GCC_PREPROCESSOR_DEFINITIONS = (
					"DEBUG=1",
					"$(inherited)",
				);
				GCC_WARN_ABOUT_RETURN_TYPE = YES_ERROR;
				GCC_WARN_UNINITIALIZED_AUTOS = YES_AGGRESSIVE;
				MTL_ENABLE_DEBUG_INFO = INCLUDE_SOURCE;
				ONLY_ACTIVE_ARCH = YES;
				SDKROOT = macosx;
				SWIFT_ACTIVE_COMPILATION_CONDITIONS = DEBUG;
				SWIFT_OPTIMIZATION_LEVEL = "-Onone";
			};
			name = Debug;
		};
		A1234567890ABCDEF0000011 /* Release */ = {
			isa = XCBuildConfiguration;
			buildSettings = {
				ALWAYS_SEARCH_USER_PATHS = NO;
				CLANG_ANALYZER_NONNULL = YES;
				CLANG_CXX_LANGUAGE_STANDARD = "gnu++20";
				CLANG_ENABLE_MODULES = YES;
				CLANG_ENABLE_OBJC_ARC = YES;
				COPY_PHASE_STRIP = NO;
				DEBUG_INFORMATION_FORMAT = "dwarf-with-dsym";
				ENABLE_NS_ASSERTIONS = NO;
				ENABLE_STRICT_OBJC_MSGSEND = YES;
				GCC_WARN_ABOUT_RETURN_TYPE = YES_ERROR;
				GCC_WARN_UNINITIALIZED_AUTOS = YES_AGGRESSIVE;
				MTL_ENABLE_DEBUG_INFO = NO;
				SDKROOT = macosx;
				SWIFT_COMPILATION_MODE = wholemodule;
				SWIFT_OPTIMIZATION_LEVEL = "-O";
			};
			name = Release;
		};
		A1234567890ABCDEF0000012 /* Debug */ = {
			isa = XCBuildConfiguration;
			buildSettings = {
				ASSETCATALOG_COMPILER_APPICON_NAME = AppIcon;
				CODE_SIGN_STYLE = Automatic;
				CURRENT_PROJECT_VERSION = 1;
				GENERATE_INFOPLIST_FILE = YES;
				INFOPLIST_KEY_NSHumanReadableCopyright = "";
				INFOPLIST_KEY_NSMainStoryboardFile = "";
				LD_RUNPATH_SEARCH_PATHS = (
					"$(inherited)",
					"@executable_path/../Frameworks",
				);
				MARKETING_VERSION = 1.0.5;
				PRODUCT_BUNDLE_IDENTIFIER = com.clippi.Clippi;
				PRODUCT_NAME = "$(TARGET_NAME)";
				SWIFT_EMIT_LOC_STRINGS = YES;
				SWIFT_OBJC_BRIDGING_HEADER = "Clippi/ClippiCore.h";
				SWIFT_VERSION = 5.0;
				OTHER_LDFLAGS = (
					"$(PROJECT_DIR)/../core/target/release/libclippi_core.a",
				);
			};
			name = Debug;
		};
		A1234567890ABCDEF0000013 /* Release */ = {
			isa = XCBuildConfiguration;
			buildSettings = {
				ASSETCATALOG_COMPILER_APPICON_NAME = AppIcon;
				CODE_SIGN_STYLE = Automatic;
				CURRENT_PROJECT_VERSION = 1;
				GENERATE_INFOPLIST_FILE = YES;
				INFOPLIST_KEY_NSHumanReadableCopyright = "";
				INFOPLIST_KEY_NSMainStoryboardFile = "";
				LD_RUNPATH_SEARCH_PATHS = (
					"$(inherited)",
					"@executable_path/../Frameworks",
				);
				MARKETING_VERSION = 1.0.5;
				PRODUCT_BUNDLE_IDENTIFIER = com.clippi.Clippi;
				PRODUCT_NAME = "$(TARGET_NAME)";
				SWIFT_EMIT_LOC_STRINGS = YES;
				SWIFT_OBJC_BRIDGING_HEADER = "Clippi/ClippiCore.h";
				SWIFT_VERSION = 5.0;
				OTHER_LDFLAGS = (
					"$(PROJECT_DIR)/../core/target/release/libclippi_core.a",
				);
			};
			name = Release;
		};
/* End XCBuildConfiguration section */

/* Begin XCConfigurationList section */
		A1234567890ABCDEF000000B /* Build configuration list for PBXNativeTarget "Clippi" */ = {
			isa = XCConfigurationList;
			buildConfigurations = (
				A1234567890ABCDEF0000012 /* Debug */,
				A1234567890ABCDEF0000013 /* Release */,
			);
			defaultConfigurationIsVisible = 0;
			defaultConfigurationName = Release;
		};
		A1234567890ABCDEF000000F /* Build configuration list for PBXProject "Clippi" */ = {
			isa = XCConfigurationList;
			buildConfigurations = (
				A1234567890ABCDEF0000010 /* Debug */,
				A1234567890ABCDEF0000011 /* Release */,
			);
			defaultConfigurationIsVisible = 0;
			defaultConfigurationName = Release;
		};
/* End XCConfigurationList section */
	};
	rootObject = A1234567890ABCDEF000000E /* Project object */;
}
